{
  "lockfileVersion": 1,
  "dependencies": {
    "JSONPath": {
      "version": "0.10.0",
      "resolved": "https://registry.npmjs.org/JSONPath/-/JSONPath-0.10.0.tgz",
      "integrity": "sha1-RJWb3ZTjZBhY5/IUfZPHMvNQWxw=",
      "dependencies": {
        "underscore": {
          "version": "1.8.3",
          "resolved": "https://registry.npmjs.org/underscore/-/underscore-1.8.3.tgz",
          "integrity": "sha1-Tz+1OxBuYJf8+ctBCfKl6b36UCI="
        }
      }
    }
  }
}
